
Microsoft Visual Studio Solution File, Format Version 12.00
# Visual Studio Version 17
VisualStudioVersion = 17.9.34728.123
MinimumVisualStudioVersion = 10.0.40219.1
Project("{FAE04EC0-301F-11D3-BF4B-00C04F79EFBC}") = "TomFromAlfred.QuizConsole.MyLearning", "TomFromAlfred.QuizConsole.MyLearning\TomFromAlfred.QuizConsole.MyLearning.csproj", "{430E02E3-208E-4545-889C-727B1B892384}"
EndProject
Global
	GlobalSection(SolutionConfigurationPlatforms) = preSolution
		Debug|Any CPU = Debug|Any CPU
		Release|Any CPU = Release|Any CPU
	EndGlobalSection
	GlobalSection(ProjectConfigurationPlatforms) = postSolution
		{430E02E3-208E-4545-889C-727B1B892384}.Debug|Any CPU.ActiveCfg = Debug|Any CPU
		{430E02E3-208E-4545-889C-727B1B892384}.Debug|Any CPU.Build.0 = Debug|Any CPU
		{430E02E3-208E-4545-889C-727B1B892384}.Release|Any CPU.ActiveCfg = Release|Any CPU
		{430E02E3-208E-4545-889C-727B1B892384}.Release|Any CPU.Build.0 = Release|Any CPU
	EndGlobalSection
	GlobalSection(SolutionProperties) = preSolution
		HideSolutionNode = FALSE
	EndGlobalSection
	GlobalSection(ExtensibilityGlobals) = postSolution
		SolutionGuid = {6735CFF7-0E13-46E9-BD3D-D09FAC9538E8}
	EndGlobalSection
EndGlobal
